Microsoft Visual Studio Solution File, Format Version 12.00
# Visual Studio Version 18
VisualStudioVersion = 18.3.11512.155 d18.3
MinimumVisualStudioVersion = 10.0.40219.1
Project("{FAE04EC0-301F-11D3-BF4B-00C04F79EFBC}") = "Dragonfire.Caching", "src\Dragonfire.Caching\Dragonfire.Caching.csproj", "{A1B2C3D4-0001-0000-0000-000000000001}"
EndProject
Project("{FAE04EC0-301F-11D3-BF4B-00C04F79EFBC}") = "Dragonfire.Caching.Memory", "src\Dragonfire.Caching.Memory\Dragonfire.Caching.Memory.csproj", "{A1B2C3D4-0002-0000-0000-000000000002}"
EndProject
Project("{FAE04EC0-301F-11D3-BF4B-00C04F79EFBC}") = "Dragonfire.Caching.Distributed", "src\Dragonfire.Caching.Distributed\Dragonfire.Caching.Distributed.csproj", "{A1B2C3D4-0003-0000-0000-000000000003}"
EndProject
Project("{FAE04EC0-301F-11D3-BF4B-00C04F79EFBC}") = "Dragonfire.Caching.Hybrid", "src\Dragonfire.Caching.Hybrid\Dragonfire.Caching.Hybrid.csproj", "{A1B2C3D4-0004-0000-0000-000000000004}"
EndProject
Project("{FAE04EC0-301F-11D3-BF4B-00C04F79EFBC}") = "Dragonfire.Caching.Redis", "src\Dragonfire.Caching.Redis\Dragonfire.Caching.Redis.csproj", "{A1B2C3D4-0005-0000-0000-000000000005}"
EndProject
Project("{FAE04EC0-301F-11D3-BF4B-00C04F79EFBC}") = "Dragonfire.Caching.Serialization.Protobuf", "src\Dragonfire.Caching.Serialization.Protobuf\Dragonfire.Caching.Serialization.Protobuf.csproj", "{A1B2C3D4-0006-0000-0000-000000000006}"
EndProject
Project("{FAE04EC0-301F-11D3-BF4B-00C04F79EFBC}") = "SampleApp", "SampleApp\SampleApp.csproj", "{C69B3FD9-3580-43B2-86ED-B76E2B98F439}"
EndProject
Global
	GlobalSection(SolutionConfigurationPlatforms) = preSolution
		Debug|Any CPU = Debug|Any CPU
		Release|Any CPU = Release|Any CPU
	EndGlobalSection
	GlobalSection(ProjectConfigurationPlatforms) = postSolution
		{A1B2C3D4-0001-0000-0000-000000000001}.Debug|Any CPU.ActiveCfg = Debug|Any CPU
		{A1B2C3D4-0001-0000-0000-000000000001}.Debug|Any CPU.Build.0 = Debug|Any CPU
		{A1B2C3D4-0001-0000-0000-000000000001}.Release|Any CPU.ActiveCfg = Release|Any CPU
		{A1B2C3D4-0001-0000-0000-000000000001}.Release|Any CPU.Build.0 = Release|Any CPU
		{A1B2C3D4-0002-0000-0000-000000000002}.Debug|Any CPU.ActiveCfg = Debug|Any CPU
		{A1B2C3D4-0002-0000-0000-000000000002}.Debug|Any CPU.Build.0 = Debug|Any CPU
		{A1B2C3D4-0002-0000-0000-000000000002}.Release|Any CPU.ActiveCfg = Release|Any CPU
		{A1B2C3D4-0002-0000-0000-000000000002}.Release|Any CPU.Build.0 = Release|Any CPU
		{A1B2C3D4-0003-0000-0000-000000000003}.Debug|Any CPU.ActiveCfg = Debug|Any CPU
		{A1B2C3D4-0003-0000-0000-000000000003}.Debug|Any CPU.Build.0 = Debug|Any CPU
		{A1B2C3D4-0003-0000-0000-000000000003}.Release|Any CPU.ActiveCfg = Release|Any CPU
		{A1B2C3D4-0003-0000-0000-000000000003}.Release|Any CPU.Build.0 = Release|Any CPU
		{A1B2C3D4-0004-0000-0000-000000000004}.Debug|Any CPU.ActiveCfg = Debug|Any CPU
		{A1B2C3D4-0004-0000-0000-000000000004}.Debug|Any CPU.Build.0 = Debug|Any CPU
		{A1B2C3D4-0004-0000-0000-000000000004}.Release|Any CPU.ActiveCfg = Release|Any CPU
		{A1B2C3D4-0004-0000-0000-000000000004}.Release|Any CPU.Build.0 = Release|Any CPU
		{A1B2C3D4-0005-0000-0000-000000000005}.Debug|Any CPU.ActiveCfg = Debug|Any CPU
		{A1B2C3D4-0005-0000-0000-000000000005}.Debug|Any CPU.Build.0 = Debug|Any CPU
		{A1B2C3D4-0005-0000-0000-000000000005}.Release|Any CPU.ActiveCfg = Release|Any CPU
		{A1B2C3D4-0005-0000-0000-000000000005}.Release|Any CPU.Build.0 = Release|Any CPU
		{A1B2C3D4-0006-0000-0000-000000000006}.Debug|Any CPU.ActiveCfg = Debug|Any CPU
		{A1B2C3D4-0006-0000-0000-000000000006}.Debug|Any CPU.Build.0 = Debug|Any CPU
		{A1B2C3D4-0006-0000-0000-000000000006}.Release|Any CPU.ActiveCfg = Release|Any CPU
		{A1B2C3D4-0006-0000-0000-000000000006}.Release|Any CPU.Build.0 = Release|Any CPU
		{C69B3FD9-3580-43B2-86ED-B76E2B98F439}.Debug|Any CPU.ActiveCfg = Debug|Any CPU
		{C69B3FD9-3580-43B2-86ED-B76E2B98F439}.Debug|Any CPU.Build.0 = Debug|Any CPU
		{C69B3FD9-3580-43B2-86ED-B76E2B98F439}.Release|Any CPU.ActiveCfg = Release|Any CPU
		{C69B3FD9-3580-43B2-86ED-B76E2B98F439}.Release|Any CPU.Build.0 = Release|Any CPU
	EndGlobalSection
	GlobalSection(SolutionProperties) = preSolution
		HideSolutionNode = FALSE
	EndGlobalSection
EndGlobal
